// !$*UTF8*$!
{
	archiveVersion = 1;
	classes = {
	};
	objectVersion = 50;
	objects = {

/* Begin PBXBuildFile section */
		43E2D013210A5FB5006D931B /* AppDelegate.swift in Sources */ = {isa = PBXBuildFile; fileRef = 43E2D012210A5FB5006D931B /* AppDelegate.swift */; };
		43E2D015210A5FB5006D931B /* ViewController.swift in Sources */ = {isa = PBXBuildFile; fileRef = 43E2D014210A5FB5006D931B /* ViewController.swift */; };
		43E2D018210A5FB5006D931B /* Main.storyboard in Resources */ = {isa = PBXBuildFile; fileRef = 43E2D016210A5FB5006D931B /* Main.storyboard */; };
		43E2D01A210A5FB7006D931B /* Assets.xcassets in Resources */ = {isa = PBXBuildFile; fileRef = 43E2D019210A5FB7006D931B /* Assets.xcassets */; };
		43E2D01D210A5FB7006D931B /* LaunchScreen.storyboard in Resources */ = {isa = PBXBuildFile; fileRef = 43E2D01B210A5FB7006D931B /* LaunchScreen.storyboard */; };
		43E2D028210A5FB7006D931B /* TestAppTests.swift in Sources */ = {isa = PBXBuildFile; fileRef = 43E2D027210A5FB7006D931B /* TestAppTests.swift */; };
		43E2D033210A5FB7006D931B /* TestAppUITests.swift in Sources */ = {isa = PBXBuildFile; fileRef = 43E2D032210A5FB7006D931B /* TestAppUITests.swift */; };
/* End PBXBuildFile section */

/* Begin PBXContainerItemProxy section */
		43E2D024210A5FB7006D931B /* PBXContainerItemProxy */ = {
			isa = PBXContainerItemProxy;
			containerPortal = 43E2D007210A5FB5006D931B /* Project object */;
			proxyType = 1;
			remoteGlobalIDString = 43E2D00E210A5FB5006D931B;
			remoteInfo = TestApp;
		};
		43E2D02F210A5FB7006D931B /* PBXContainerItemProxy */ = {
			isa = PBXContainerItemProxy;
			containerPortal = 43E2D007210A5FB5006D931B /* Project object */;
			proxyType = 1;
			remoteGlobalIDString = 43E2D00E210A5FB5006D931B;
			remoteInfo = TestApp;
		};
/* End PBXContainerItemProxy section */

/* Begin PBXFileReference section */
		43E2D00F210A5FB5006D931B /* TestApp.app */ = {isa = PBXFileReference; explicitFileType = wrapper.application; includeInIndex = 0; path = TestApp.app; sourceTree = BUILT_PRODUCTS_DIR; };
		43E2D012210A5FB5006D931B /* AppDelegate.swift */ = {isa = PBXFileReference; lastKnownFileType = sourcecode.swift; path = AppDelegate.swift; sourceTree = "<group>"; };
		43E2D014210A5FB5006D931B /* ViewController.swift */ = {isa = PBXFileReference; lastKnownFileType = sourcecode.swift; path = ViewController.swift; sourceTree = "<group>"; };
		43E2D017210A5FB5006D931B /* Base */ = {isa = PBXFileReference; lastKnownFileType = file.storyboard; name = Base; path = Base.lproj/Main.storyboard; sourceTree = "<group>"; };
		43E2D019210A5FB7006D931B /* Assets.xcassets */ = {isa = PBXFileReference; lastKnownFileType = folder.assetcatalog; path = Assets.xcassets; sourceTree = "<group>"; };
		43E2D01C210A5FB7006D931B /* Base */ = {isa = PBXFileReference; lastKnownFileType = file.storyboard; name = Base; path = Base.lproj/LaunchScreen.storyboard; sourceTree = "<group>"; };
		43E2D01E210A5FB7006D931B /* Info.plist */ = {isa = PBXFileReference; lastKnownFileType = text.plist.xml; path = Info.plist; sourceTree = "<group>"; };
		43E2D023210A5FB7006D931B /* TestAppTests.xctest */ = {isa = PBXFileReference; explicitFileType = wrapper.cfbundle; includeInIndex = 0; path = TestAppTests.xctest; sourceTree = BUILT_PRODUCTS_DIR; };
		43E2D027210A5FB7006D931B /* TestAppTests.swift */ = {isa = PBXFileReference; lastKnownFileType = sourcecode.swift; path = TestAppTests.swift; sourceTree = "<group>"; };
		43E2D029210A5FB7006D931B /* Info.plist */ = {isa = PBXFileReference; lastKnownFileType = text.plist.xml; path = Info.plist; sourceTree = "<group>"; };
		43E2D02E210A5FB7006D931B /* TestAppUITests.xctest */ = {isa = PBXFileReference; explicitFileType = wrapper.cfbundle; includeInIndex = 0; path = TestAppUITests.xctest; sourceTree = BUILT_PRODUCTS_DIR; };
		43E2D032210A5FB7006D931B /* TestAppUITests.swift */ = {isa = PBXFileReference; lastKnownFileType = sourcecode.swift; path = TestAppUITests.swift; sourceTree = "<group>"; };
		43E2D034210A5FB7006D931B /* Info.plist */ = {isa = PBXFileReference; lastKnownFileType = text.plist.xml; path = Info.plist; sourceTree = "<group>"; };
/* End PBXFileReference section */

/* Begin PBXFrameworksBuildPhase section */
		43E2D00C210A5FB5006D931B /* Frameworks */ = {
			isa = PBXFrameworksBuildPhase;
			buildActionMask = 2147483647;
			files = (
			);
			runOnlyForDeploymentPostprocessing = 0;
		};
		43E2D020210A5FB7006D931B /* Frameworks */ = {
			isa = PBXFrameworksBuildPhase;
			buildActionMask = 2147483647;
			files = (
			);
			runOnlyForDeploymentPostprocessing = 0;
		};
		43E2D02B210A5FB7006D931B /* Frameworks */ = {
			isa = PBXFrameworksBuildPhase;
			buildActionMask = 2147483647;
			files = (
			);
			runOnlyForDeploymentPostprocessing = 0;
		};
/* End PBXFrameworksBuildPhase section */

/* Begin PBXGroup section */
		43E2D006210A5FB5006D931B = {
			isa = PBXGroup;
			children = (
				43E2D011210A5FB5006D931B /* TestApp */,
				43E2D026210A5FB7006D931B /* TestAppTests */,
				43E2D031210A5FB7006D931B /* TestAppUITests */,
				43E2D010210A5FB5006D931B /* Products */,
			);
			sourceTree = "<group>";
		};
		43E2D010210A5FB5006D931B /* Products */ = {
			isa = PBXGroup;
			children = (
				43E2D00F210A5FB5006D931B /* TestApp.app */,
				43E2D023210A5FB7006D931B /* TestAppTests.xctest */,
				43E2D02E210A5FB7006D931B /* TestAppUITests.xctest */,
			);
			name = Products;
			sourceTree = "<group>";
		};
		43E2D011210A5FB5006D931B /* TestApp */ = {
			isa = PBXGroup;
			children = (
				43E2D012210A5FB5006D931B /* AppDelegate.swift */,
				43E2D014210A5FB5006D931B /* ViewController.swift */,
				43E2D016210A5FB5006D931B /* Main.storyboard */,
				43E2D019210A5FB7006D931B /* Assets.xcassets */,
				43E2D01B210A5FB7006D931B /* LaunchScreen.storyboard */,
				43E2D01E210A5FB7006D931B /* Info.plist */,
			);
			path = TestApp;
			sourceTree = "<group>";
		};
		43E2D026210A5FB7006D931B /* TestAppTests */ = {
			isa = PBXGroup;
			children = (
				43E2D027210A5FB7006D931B /* TestAppTests.swift */,
				43E2D029210A5FB7006D931B /* Info.plist */,
			);
			path = TestAppTests;
			sourceTree = "<group>";
		};
		43E2D031210A5FB7006D931B /* TestAppUITests */ = {
			isa = PBXGroup;
			children = (
				43E2D032210A5FB7006D931B /* TestAppUITests.swift */,
				43E2D034210A5FB7006D931B /* Info.plist */,
			);
			path = TestAppUITests;
			sourceTree = "<group>";
		};
/* End PBXGroup section */

/* Begin PBXNativeTarget section */
		43E2D00E210A5FB5006D931B /* TestApp */ = {
			isa = PBXNativeTarget;
			buildConfigurationList = 43E2D037210A5FB7006D931B /* Build configuration list for PBXNativeTarget "TestApp" */;
			buildPhases = (
				43E2D00B210A5FB5006D931B /* Sources */,
				43E2D00C210A5FB5006D931B /* Frameworks */,
				43E2D00D210A5FB5006D931B /* Resources */,
			);
			buildRules = (
			);
			dependencies = (
			);
			name = TestApp;
			productName = TestApp;
			productReference = 43E2D00F210A5FB5006D931B /* TestApp.app */;
			productType = "com.apple.product-type.application";
		};
		43E2D022210A5FB7006D931B /* TestAppTests */ = {
			isa = PBXNativeTarget;
			buildConfigurationList = 43E2D03A210A5FB7006D931B /* Build configuration list for PBXNativeTarget "TestAppTests" */;
			buildPhases = (
				43E2D01F210A5FB7006D931B /* Sources */,
				43E2D020210A5FB7006D931B /* Frameworks */,
				43E2D021210A5FB7006D931B /* Resources */,
			);
			buildRules = (
			);
			dependencies = (
				43E2D025210A5FB7006D931B /* PBXTargetDependency */,
			);
			name = TestAppTests;
			productName = TestAppTests;
			productReference = 43E2D023210A5FB7006D931B /* TestAppTests.xctest */;
			productType = "com.apple.product-type.bundle.unit-test";
		};
		43E2D02D210A5FB7006D931B /* TestAppUITests */ = {
			isa = PBXNativeTarget;
			buildConfigurationList = 43E2D03D210A5FB7006D931B /* Build configuration list for PBXNativeTarget "TestAppUITests" */;
			buildPhases = (
				43E2D02A210A5FB7006D931B /* Sources */,
				43E2D02B210A5FB7006D931B /* Frameworks */,
				43E2D02C210A5FB7006D931B /* Resources */,
			);
			buildRules = (
			);
			dependencies = (
				43E2D030210A5FB7006D931B /* PBXTargetDependency */,
			);
			name = TestAppUITests;
			productName = TestAppUITests;
			productReference = 43E2D02E210A5FB7006D931B /* TestAppUITests.xctest */;
			productType = "com.apple.product-type.bundle.ui-testing";
		};
/* End PBXNativeTarget section */

/* Begin PBXProject section */
		43E2D007210A5FB5006D931B /* Project object */ = {
			isa = PBXProject;
			attributes = {
				LastSwiftUpdateCheck = 0940;
				LastUpgradeCheck = 0940;
				ORGANIZATIONNAME = "Santosh  Kumar Chaurasia";
				TargetAttributes = {
					43E2D00E210A5FB5006D931B = {
						CreatedOnToolsVersion = 9.4.1;
					};
					43E2D022210A5FB7006D931B = {
						CreatedOnToolsVersion = 9.4.1;
						TestTargetID = 43E2D00E210A5FB5006D931B;
					};
					43E2D02D210A5FB7006D931B = {
						CreatedOnToolsVersion = 9.4.1;
						TestTargetID = 43E2D00E210A5FB5006D931B;
					};
				};
			};
			buildConfigurationList = 43E2D00A210A5FB5006D931B /* Build configuration list for PBXProject "TestApp" */;
			compatibilityVersion = "Xcode 9.3";
			developmentRegion = en;
			hasScannedForEncodings = 0;
			knownRegions = (
				en,
				Base,
			);
			mainGroup = 43E2D006210A5FB5006D931B;
			productRefGroup = 43E2D010210A5FB5006D931B /* Products */;
			projectDirPath = "";
			projectRoot = "";
			targets = (
				43E2D00E210A5FB5006D931B /* TestApp */,
				43E2D022210A5FB7006D931B /* TestAppTests */,
				43E2D02D210A5FB7006D931B /* TestAppUITests */,
			);
		};
/* End PBXProject section */

/* Begin PBXResourcesBuildPhase section */
		43E2D00D210A5FB5006D931B /* Resources */ = {
			isa = PBXResourcesBuildPhase;
			buildActionMask = 2147483647;
			files = (
				43E2D01D210A5FB7006D931B /* LaunchScreen.storyboard in Resources */,
				43E2D01A210A5FB7006D931B /* Assets.xcassets in Resources */,
				43E2D018210A5FB5006D931B /* Main.storyboard in Resources */,
			);
			runOnlyForDeploymentPostprocessing = 0;
		};
		43E2D021210A5FB7006D931B /* Resources */ = {
			isa = PBXResourcesBuildPhase;
			buildActionMask = 2147483647;
			files = (
			);
			runOnlyForDeploymentPostprocessing = 0;
		};
		43E2D02C210A5FB7006D931B /* Resources */ = {
			isa = PBXResourcesBuildPhase;
			buildActionMask = 2147483647;
			files = (
			);
			runOnlyForDeploymentPostprocessing = 0;
		};
/* End PBXResourcesBuildPhase section */

/* Begin PBXSourcesBuildPhase section */
		43E2D00B210A5FB5006D931B /* Sources */ = {
			isa = PBXSourcesBuildPhase;
			buildActionMask = 2147483647;
			files = (
				43E2D015210A5FB5006D931B /* ViewController.swift in Sources */,
				43E2D013210A5FB5006D931B /* AppDelegate.swift in Sources */,
			);
			runOnlyForDeploymentPostprocessing = 0;
		};
		43E2D01F210A5FB7006D931B /* Sources */ = {
			isa = PBXSourcesBuildPhase;
			buildActionMask = 2147483647;
			files = (
				43E2D028210A5FB7006D931B /* TestAppTests.swift in Sources */,
			);
			runOnlyForDeploymentPostprocessing = 0;
		};
		43E2D02A210A5FB7006D931B /* Sources */ = {
			isa = PBXSourcesBuildPhase;
			buildActionMask = 2147483647;
			files = (
				43E2D033210A5FB7006D931B /* TestAppUITests.swift in Sources */,
			);
			runOnlyForDeploymentPostprocessing = 0;
		};
/* End PBXSourcesBuildPhase section */

/* Begin PBXTargetDependency section */
		43E2D025210A5FB7006D931B /* PBXTargetDependency */ = {
			isa = PBXTargetDependency;
			target = 43E2D00E210A5FB5006D931B /* TestApp */;
			targetProxy = 43E2D024210A5FB7006D931B /* PBXContainerItemProxy */;
		};
		43E2D030210A5FB7006D931B /* PBXTargetDependency */ = {
			isa = PBXTargetDependency;
			target = 43E2D00E210A5FB5006D931B /* TestApp */;
			targetProxy = 43E2D02F210A5FB7006D931B /* PBXContainerItemProxy */;
		};
/* End PBXTargetDependency section */

/* Begin PBXVariantGroup section */
		43E2D016210A5FB5006D931B /* Main.storyboard */ = {
			isa = PBXVariantGroup;
			children = (
				43E2D017210A5FB5006D931B /* Base */,
			);
			name = Main.storyboard;
			sourceTree = "<group>";
		};
		43E2D01B210A5FB7006D931B /* LaunchScreen.storyboard */ = {
			isa = PBXVariantGroup;
			children = (
				43E2D01C210A5FB7006D931B /* Base */,
			);
			name = LaunchScreen.storyboard;
			sourceTree = "<group>";
		};
/* End PBXVariantGroup section */

/* Begin XCBuildConfiguration section */
		43E2D035210A5FB7006D931B /* Debug */ = {
			isa = XCBuildConfiguration;
			buildSettings = {
				ALWAYS_SEARCH_USER_PATHS = NO;
				CLANG_ANALYZER_NONNULL = YES;
				CLANG_ANALYZER_NUMBER_OBJECT_CONVERSION = YES_AGGRESSIVE;
				CLANG_CXX_LANGUAGE_STANDARD = "gnu++14";
				CLANG_CXX_LIBRARY = "libc++";
				CLANG_ENABLE_MODULES = YES;
				CLANG_ENABLE_OBJC_ARC = YES;
				CLANG_ENABLE_OBJC_WEAK = YES;
				CLANG_WARN_BLOCK_CAPTURE_AUTORELEASING = YES;
				CLANG_WARN_BOOL_CONVERSION = YES;
				CLANG_WARN_COMMA = YES;
				CLANG_WARN_CONSTANT_CONVERSION = YES;
				CLANG_WARN_DEPRECATED_OBJC_IMPLEMENTATIONS = YES;
				CLANG_WARN_DIRECT_OBJC_ISA_USAGE = YES_ERROR;
				CLANG_WARN_DOCUMENTATION_COMMENTS = YES;
				CLANG_WARN_EMPTY_BODY = YES;
				CLANG_WARN_ENUM_CONVERSION = YES;
				CLANG_WARN_INFINITE_RECURSION = YES;
				CLANG_WARN_INT_CONVERSION = YES;
				CLANG_WARN_NON_LITERAL_NULL_CONVERSION = YES;
				CLANG_WARN_OBJC_IMPLICIT_RETAIN_SELF = YES;
				CLANG_WARN_OBJC_LITERAL_CONVERSION = YES;
				CLANG_WARN_OBJC_ROOT_CLASS = YES_ERROR;
				CLANG_WARN_RANGE_LOOP_ANALYSIS = YES;
				CLANG_WARN_STRICT_PROTOTYPES = YES;
				CLANG_WARN_SUSPICIOUS_MOVE = YES;
				CLANG_WARN_UNGUARDED_AVAILABILITY = YES_AGGRESSIVE;
				CLANG_WARN_UNREACHABLE_CODE = YES;
				CLANG_WARN__DUPLICATE_METHOD_MATCH = YES;
				CODE_SIGN_IDENTITY = "iPhone Developer";
				COPY_PHASE_STRIP = NO;
				DEBUG_INFORMATION_FORMAT = dwarf;
				ENABLE_STRICT_OBJC_MSGSEND = YES;
				ENABLE_TESTABILITY = YES;
				GCC_C_LANGUAGE_STANDARD = gnu11;
				GCC_DYNAMIC_NO_PIC = NO;
				GCC_NO_COMMON_BLOCKS = YES;
				GCC_OPTIMIZATION_LEVEL = 0;
				GCC_PREPROCESSOR_DEFINITIONS = (
					"DEBUG=1",
					"$(inherited)",
				);
				GCC_WARN_64_TO_32_BIT_CONVERSION = YES;
				GCC_WARN_ABOUT_RETURN_TYPE = YES_ERROR;
				GCC_WARN_UNDECLARED_SELECTOR = YES;
				GCC_WARN_UNINITIALIZED_AUTOS = YES_AGGRESSIVE;
				GCC_WARN_UNUSED_FUNCTION = YES;
				GCC_WARN_UNUSED_VARIABLE = YES;
				IPHONEOS_DEPLOYMENT_TARGET = 11.4;
				MTL_ENABLE_DEBUG_INFO = YES;
				ONLY_ACTIVE_ARCH = YES;
				SDKROOT = iphoneos;
				SWIFT_ACTIVE_COMPILATION_CONDITIONS = DEBUG;
				SWIFT_OPTIMIZATION_LEVEL = "-Onone";
			};
			name = Debug;
		};
		43E2D036210A5FB7006D931B /* Release */ = {
			isa = XCBuildConfiguration;
			buildSettings = {
				ALWAYS_SEARCH_USER_PATHS = NO;
				CLANG_ANALYZER_NONNULL = YES;
				CLANG_ANALYZER_NUMBER_OBJECT_CONVERSION = YES_AGGRESSIVE;
				CLANG_CXX_LANGUAGE_STANDARD = "gnu++14";
				CLANG_CXX_LIBRARY = "libc++";
				CLANG_ENABLE_MODULES = YES;
				CLANG_ENABLE_OBJC_ARC = YES;
				CLANG_ENABLE_OBJC_WEAK = YES;
				CLANG_WARN_BLOCK_CAPTURE_AUTORELEASING = YES;
				CLANG_WARN_BOOL_CONVERSION = YES;
				CLANG_WARN_COMMA = YES;
				CLANG_WARN_CONSTANT_CONVERSION = YES;
				CLANG_WARN_DEPRECATED_OBJC_IMPLEMENTATIONS = YES;
				CLANG_WARN_DIRECT_OBJC_ISA_USAGE = YES_ERROR;
				CLANG_WARN_DOCUMENTATION_COMMENTS = YES;
				CLANG_WARN_EMPTY_BODY = YES;
				CLANG_WARN_ENUM_CONVERSION = YES;
				CLANG_WARN_INFINITE_RECURSION = YES;
				CLANG_WARN_INT_CONVERSION = YES;
				CLANG_WARN_NON_LITERAL_NULL_CONVERSION = YES;
				CLANG_WARN_OBJC_IMPLICIT_RETAIN_SELF = YES;
				CLANG_WARN_OBJC_LITERAL_CONVERSION = YES;
				CLANG_WARN_OBJC_ROOT_CLASS = YES_ERROR;
				CLANG_WARN_RANGE_LOOP_ANALYSIS = YES;
				CLANG_WARN_STRICT_PROTOTYPES = YES;
				CLANG_WARN_SUSPICIOUS_MOVE = YES;
				CLANG_WARN_UNGUARDED_AVAILABILITY = YES_AGGRESSIVE;
				CLANG_WARN_UNREACHABLE_CODE = YES;
				CLANG_WARN__DUPLICATE_METHOD_MATCH = YES;
				CODE_SIGN_IDENTITY = "iPhone Developer";
				COPY_PHASE_STRIP = NO;
				DEBUG_INFORMATION_FORMAT = "dwarf-with-dsym";
				ENABLE_NS_ASSERTIONS = NO;
				ENABLE_STRICT_OBJC_MSGSEND = YES;
				GCC_C_LANGUAGE_STANDARD = gnu11;
				GCC_NO_COMMON_BLOCKS = YES;
				GCC_WARN_64_TO_32_BIT_CONVERSION = YES;
				GCC_WARN_ABOUT_RETURN_TYPE = YES_ERROR;
				GCC_WARN_UNDECLARED_SELECTOR = YES;
				GCC_WARN_UNINITIALIZED_AUTOS = YES_AGGRESSIVE;
				GCC_WARN_UNUSED_FUNCTION = YES;
				GCC_WARN_UNUSED_VARIABLE = YES;
				IPHONEOS_DEPLOYMENT_TARGET = 11.4;
				MTL_ENABLE_DEBUG_INFO = NO;
				SDKROOT = iphoneos;
				SWIFT_COMPILATION_MODE = wholemodule;
				SWIFT_OPTIMIZATION_LEVEL = "-O";
				VALIDATE_PRODUCT = YES;
			};
			name = Release;
		};
		43E2D038210A5FB7006D931B /* Debug */ = {
			isa = XCBuildConfiguration;
			buildSettings = {
				ASSETCATALOG_COMPILER_APPICON_NAME = AppIcon;
				CODE_SIGN_STYLE = Automatic;
				INFOPLIST_FILE = TestApp/Info.plist;
				LD_RUNPATH_SEARCH_PATHS = (
					"$(inherited)",
					"@executable_path/Frameworks",
				);
				PRODUCT_BUNDLE_IDENTIFIER = santo.sia.TestApp;
				PRODUCT_NAME = "$(TARGET_NAME)";
				SWIFT_VERSION = 4.0;
				TARGETED_DEVICE_FAMILY = "1,2";
			};
			name = Debug;
		};
		43E2D039210A5FB7006D931B /* Release */ = {
			isa = XCBuildConfiguration;
			buildSettings = {
				ASSETCATALOG_COMPILER_APPICON_NAME = AppIcon;
				CODE_SIGN_STYLE = Automatic;
				INFOPLIST_FILE = TestApp/Info.plist;
				LD_RUNPATH_SEARCH_PATHS = (
					"$(inherited)",
					"@executable_path/Frameworks",
				);
				PRODUCT_BUNDLE_IDENTIFIER = santo.sia.TestApp;
				PRODUCT_NAME = "$(TARGET_NAME)";
				SWIFT_VERSION = 4.0;
				TARGETED_DEVICE_FAMILY = "1,2";
			};
			name = Release;
		};
		43E2D03B210A5FB7006D931B /* Debug */ = {
			isa = XCBuildConfiguration;
			buildSettings = {
				ALWAYS_EMBED_SWIFT_STANDARD_LIBRARIES = YES;
				BUNDLE_LOADER = "$(TEST_HOST)";
				CODE_SIGN_STYLE = Automatic;
				INFOPLIST_FILE = TestAppTests/Info.plist;
				LD_RUNPATH_SEARCH_PATHS = (
					"$(inherited)",
					"@executable_path/Frameworks",
					"@loader_path/Frameworks",
				);
				PRODUCT_BUNDLE_IDENTIFIER = santo.sia.TestAppTests;
				PRODUCT_NAME = "$(TARGET_NAME)";
				SWIFT_VERSION = 4.0;
				TARGETED_DEVICE_FAMILY = "1,2";
				TEST_HOST = "$(BUILT_PRODUCTS_DIR)/TestApp.app/TestApp";
			};
			name = Debug;
		};
		43E2D03C210A5FB7006D931B /* Release */ = {
			isa = XCBuildConfiguration;
			buildSettings = {
				ALWAYS_EMBED_SWIFT_STANDARD_LIBRARIES = YES;
				BUNDLE_LOADER = "$(TEST_HOST)";
				CODE_SIGN_STYLE = Automatic;
				INFOPLIST_FILE = TestAppTests/Info.plist;
				LD_RUNPATH_SEARCH_PATHS = (
					"$(inherited)",
					"@executable_path/Frameworks",
					"@loader_path/Frameworks",
				);
				PRODUCT_BUNDLE_IDENTIFIER = santo.sia.TestAppTests;
				PRODUCT_NAME = "$(TARGET_NAME)";
				SWIFT_VERSION = 4.0;
				TARGETED_DEVICE_FAMILY = "1,2";
				TEST_HOST = "$(BUILT_PRODUCTS_DIR)/TestApp.app/TestApp";
			};
			name = Release;
		};
		43E2D03E210A5FB7006D931B /* Debug */ = {
			isa = XCBuildConfiguration;
			buildSettings = {
				ALWAYS_EMBED_SWIFT_STANDARD_LIBRARIES = YES;
				CODE_SIGN_STYLE = Automatic;
				INFOPLIST_FILE = TestAppUITests/Info.plist;
				LD_RUNPATH_SEARCH_PATHS = (
					"$(inherited)",
					"@executable_path/Frameworks",
					"@loader_path/Frameworks",
				);
				PRODUCT_BUNDLE_IDENTIFIER = santo.sia.TestAppUITests;
				PRODUCT_NAME = "$(TARGET_NAME)";
				SWIFT_VERSION = 4.0;
				TARGETED_DEVICE_FAMILY = "1,2";
				TEST_TARGET_NAME = TestApp;
			};
			name = Debug;
		};
		43E2D03F210A5FB7006D931B /* Release */ = {
			isa = XCBuildConfiguration;
			buildSettings = {
				ALWAYS_EMBED_SWIFT_STANDARD_LIBRARIES = YES;
				CODE_SIGN_STYLE = Automatic;
				INFOPLIST_FILE = TestAppUITests/Info.plist;
				LD_RUNPATH_SEARCH_PATHS = (
					"$(inherited)",
					"@executable_path/Frameworks",
					"@loader_path/Frameworks",
				);
				PRODUCT_BUNDLE_IDENTIFIER = santo.sia.TestAppUITests;
				PRODUCT_NAME = "$(TARGET_NAME)";
				SWIFT_VERSION = 4.0;
				TARGETED_DEVICE_FAMILY = "1,2";
				TEST_TARGET_NAME = TestApp;
			};
			name = Release;
		};
/* End XCBuildConfiguration section */

/* Begin XCConfigurationList section */
		43E2D00A210A5FB5006D931B /* Build configuration list for PBXProject "TestApp" */ = {
			isa = XCConfigurationList;
			buildConfigurations = (
				43E2D035210A5FB7006D931B /* Debug */,
				43E2D036210A5FB7006D931B /* Release */,
			);
			defaultConfigurationIsVisible = 0;
			defaultConfigurationName = Release;
		};
		43E2D037210A5FB7006D931B /* Build configuration list for PBXNativeTarget "TestApp" */ = {
			isa = XCConfigurationList;
			buildConfigurations = (
				43E2D038210A5FB7006D931B /* Debug */,
				43E2D039210A5FB7006D931B /* Release */,
			);
			defaultConfigurationIsVisible = 0;
			defaultConfigurationName = Release;
		};
		43E2D03A210A5FB7006D931B /* Build configuration list for PBXNativeTarget "TestAppTests" */ = {
			isa = XCConfigurationList;
			buildConfigurations = (
				43E2D03B210A5FB7006D931B /* Debug */,
				43E2D03C210A5FB7006D931B /* Release */,
			);
			defaultConfigurationIsVisible = 0;
			defaultConfigurationName = Release;
		};
		43E2D03D210A5FB7006D931B /* Build configuration list for PBXNativeTarget "TestAppUITests" */ = {
			isa = XCConfigurationList;
			buildConfigurations = (
				43E2D03E210A5FB7006D931B /* Debug */,
				43E2D03F210A5FB7006D931B /* Release */,
			);
			defaultConfigurationIsVisible = 0;
			defaultConfigurationName = Release;
		};
/* End XCConfigurationList section */
	};
	rootObject = 43E2D007210A5FB5006D931B /* Project object */;
}
